input: "tag: user.code_comment_block\n-\nblock comment: user.code_comment_block()\n\
  block comment line:\n    #todo: this should probably be a single function once\n\
  \    #.talon supports implementing actions with parameters?\n\tedit.line_start()\n\
  \    user.code_comment_block_prefix()\n    key(space)\n\tedit.line_end()\n    key(space)\n\
  \    user.code_comment_block_suffix()\n#adds comment to the start of the line\n\
  block comment line <user.text> over:\n    #todo: this should probably be a single\
  \ function once\n    #.talon supports implementing actions with parameters?\n  \
  \  edit.line_start()\n    user.code_comment_block()\n\tinsert(user.text)\nblock\
  \ comment <user.text> over:\n    #todo: this should probably be a single function\
  \ once\n    #.talon supports implementing actions with parameters?\n\tuser.code_comment_block()\n\
  \    insert(user.text)\nblock comment <user.text>$:\n    #todo: this should probably\
  \ be a single function once\n    #.talon supports implementing actions with parameters?\n\
  \    user.code_comment_block()\n    insert(user.text)\n(line | inline) block comment\
  \ <user.text> over:\n    #todo: this should probably be a single function once\n\
  \    #.talon supports implementing actions with parameters?\n\tedit.line_end()\n\
  \   \tuser.code_comment_block_prefix()\n    key(space)\n    insert(user.text)\n\
  \    key(space)\n   \tuser.code_comment_block_suffix()\n(line | inline) block comment\
  \ <user.text>$:\n    #todo: this should probably be a single function once\n   \
  \ #.talon supports implementing actions with parameters?\n\tedit.line_end()\n  \
  \ \tuser.code_comment_block_prefix()\n    key(space)\n    insert(user.text)\n  \
  \  key(space)\n   \tuser.code_comment_block_suffix()\nopen block comment:\n    user.code_comment_block_prefix()\n\
  close block comment:\n    user.code_comment_block_suffix()\n"
output:
  children:
  - children:
    - children:
      - text: tag
        type: identifier
      - text: ' user.code_comment_block'
        type: implicit_string
      key:
        text: tag
        type: identifier
      pattern:
        text: ' user.code_comment_block'
        type: implicit_string
      type: match
    type: context
  - children:
    - children:
      - children:
        - text: block
          type: word
        - text: comment
          type: word
        type: seq
      type: rule
    - children:
      - children:
        - action_name:
            text: user.code_comment_block
            type: identifier
          arguments:
            children: []
            type: argument_list
          children:
          - text: user.code_comment_block
            type: identifier
          - children: []
            type: argument_list
          type: action
        expression:
          action_name:
            text: user.code_comment_block
            type: identifier
          arguments:
            children: []
            type: argument_list
          children:
          - text: user.code_comment_block
            type: identifier
          - children: []
            type: argument_list
          type: action
        type: expression
      type: block
    rule:
      children:
      - children:
        - text: block
          type: word
        - text: comment
          type: word
        type: seq
      type: rule
    script:
      children:
      - children:
        - action_name:
            text: user.code_comment_block
            type: identifier
          arguments:
            children: []
            type: argument_list
          children:
          - text: user.code_comment_block
            type: identifier
          - children: []
            type: argument_list
          type: action
        expression:
          action_name:
            text: user.code_comment_block
            type: identifier
          arguments:
            children: []
            type: argument_list
          children:
          - text: user.code_comment_block
            type: identifier
          - children: []
            type: argument_list
          type: action
        type: expression
      type: block
    type: command
  - children:
    - children:
      - children:
        - text: block
          type: word
        - text: comment
          type: word
        - text: line
          type: word
        type: seq
      type: rule
    - text: '#todo: this should probably be a single function once'
      type: comment
    - text: '#.talon supports implementing actions with parameters?'
      type: comment
    - children:
      - children:
        - action_name:
            text: edit.line_start
            type: identifier
          arguments:
            children: []
            type: argument_list
          children:
          - text: edit.line_start
            type: identifier
          - children: []
            type: argument_list
          type: action
        expression:
          action_name:
            text: edit.line_start
            type: identifier
          arguments:
            children: []
            type: argument_list
          children:
          - text: edit.line_start
            type: identifier
          - children: []
            type: argument_list
          type: action
        type: expression
      type: block
    rule:
      children:
      - children:
        - text: block
          type: word
        - text: comment
          type: word
        - text: line
          type: word
        type: seq
      type: rule
    script:
      text: '#todo: this should probably be a single function once'
      type: comment
    type: command
  - children:
    - children:
      - children:
        - text: user
          type: word
        - children:
          - children: []
            type: ERROR
          type: ERROR
        - children:
          - text: ''
            type: word
          type: parenthesized_rule
        - text: key
          type: word
        - children:
          - text: space
            type: word
          type: parenthesized_rule
        - text: edit
          type: word
        - children:
          - children: []
            type: ERROR
          type: ERROR
        - children:
          - text: ''
            type: word
          type: parenthesized_rule
        - text: key
          type: word
        - children:
          - text: space
            type: word
          type: parenthesized_rule
        - text: user
          type: word
        - children:
          - children: []
            type: ERROR
          type: ERROR
        - children:
          - text: ''
            type: word
          type: parenthesized_rule
        - text: '#adds comment to the start of the line'
          type: comment
        - text: block
          type: word
        - text: comment
          type: word
        - text: line
          type: word
        - capture_name:
            text: user.text
            type: identifier
          children:
          - text: user.text
            type: identifier
          type: capture
        - text: over
          type: word
        type: seq
      type: rule
    - text: '#todo: this should probably be a single function once'
      type: comment
    - text: '#.talon supports implementing actions with parameters?'
      type: comment
    - children:
      - children:
        - action_name:
            text: edit.line_start
            type: identifier
          arguments:
            children: []
            type: argument_list
          children:
          - text: edit.line_start
            type: identifier
          - children: []
            type: argument_list
          type: action
        expression:
          action_name:
            text: edit.line_start
            type: identifier
          arguments:
            children: []
            type: argument_list
          children:
          - text: edit.line_start
            type: identifier
          - children: []
            type: argument_list
          type: action
        type: expression
      - children:
        - action_name:
            text: user.code_comment_block
            type: identifier
          arguments:
            children: []
            type: argument_list
          children:
          - text: user.code_comment_block
            type: identifier
          - children: []
            type: argument_list
          type: action
        expression:
          action_name:
            text: user.code_comment_block
            type: identifier
          arguments:
            children: []
            type: argument_list
          children:
          - text: user.code_comment_block
            type: identifier
          - children: []
            type: argument_list
          type: action
        type: expression
      - children:
        - action_name:
            text: insert
            type: identifier
          arguments:
            children:
            - children:
              - text: user.text
                type: identifier
              type: variable
              variable_name:
                text: user.text
                type: identifier
            type: argument_list
          children:
          - text: insert
            type: identifier
          - children:
            - children:
              - text: user.text
                type: identifier
              type: variable
              variable_name:
                text: user.text
                type: identifier
            type: argument_list
          type: action
        expression:
          action_name:
            text: insert
            type: identifier
          arguments:
            children:
            - children:
              - text: user.text
                type: identifier
              type: variable
              variable_name:
                text: user.text
                type: identifier
            type: argument_list
          children:
          - text: insert
            type: identifier
          - children:
            - children:
              - text: user.text
                type: identifier
              type: variable
              variable_name:
                text: user.text
                type: identifier
            type: argument_list
          type: action
        type: expression
      type: block
    rule:
      children:
      - children:
        - text: user
          type: word
        - children:
          - children: []
            type: ERROR
          type: ERROR
        - children:
          - text: ''
            type: word
          type: parenthesized_rule
        - text: key
          type: word
        - children:
          - text: space
            type: word
          type: parenthesized_rule
        - text: edit
          type: word
        - children:
          - children: []
            type: ERROR
          type: ERROR
        - children:
          - text: ''
            type: word
          type: parenthesized_rule
        - text: key
          type: word
        - children:
          - text: space
            type: word
          type: parenthesized_rule
        - text: user
          type: word
        - children:
          - children: []
            type: ERROR
          type: ERROR
        - children:
          - text: ''
            type: word
          type: parenthesized_rule
        - text: '#adds comment to the start of the line'
          type: comment
        - text: block
          type: word
        - text: comment
          type: word
        - text: line
          type: word
        - capture_name:
            text: user.text
            type: identifier
          children:
          - text: user.text
            type: identifier
          type: capture
        - text: over
          type: word
        type: seq
      type: rule
    script:
      text: '#todo: this should probably be a single function once'
      type: comment
    type: command
  - children:
    - children:
      - children:
        - text: block
          type: word
        - text: comment
          type: word
        - capture_name:
            text: user.text
            type: identifier
          children:
          - text: user.text
            type: identifier
          type: capture
        - text: over
          type: word
        type: seq
      type: rule
    - text: '#todo: this should probably be a single function once'
      type: comment
    - text: '#.talon supports implementing actions with parameters?'
      type: comment
    - children:
      - children:
        - action_name:
            text: user.code_comment_block
            type: identifier
          arguments:
            children: []
            type: argument_list
          children:
          - text: user.code_comment_block
            type: identifier
          - children: []
            type: argument_list
          type: action
        expression:
          action_name:
            text: user.code_comment_block
            type: identifier
          arguments:
            children: []
            type: argument_list
          children:
          - text: user.code_comment_block
            type: identifier
          - children: []
            type: argument_list
          type: action
        type: expression
      type: block
    rule:
      children:
      - children:
        - text: block
          type: word
        - text: comment
          type: word
        - capture_name:
            text: user.text
            type: identifier
          children:
          - text: user.text
            type: identifier
          type: capture
        - text: over
          type: word
        type: seq
      type: rule
    script:
      text: '#todo: this should probably be a single function once'
      type: comment
    type: command
  - children:
    - children:
      - children:
        - text: insert
          type: word
        - children:
          - text: user
            type: word
          - children:
            - children: []
              type: ERROR
            type: ERROR
          type: parenthesized_rule
        - text: block
          type: word
        - text: comment
          type: word
        - capture_name:
            text: user.text
            type: identifier
          children:
          - text: user.text
            type: identifier
          type: capture
        type: seq
      - text: $
        type: end_anchor
      type: rule
    - text: '#todo: this should probably be a single function once'
      type: comment
    - text: '#.talon supports implementing actions with parameters?'
      type: comment
    - children:
      - children:
        - action_name:
            text: user.code_comment_block
            type: identifier
          arguments:
            children: []
            type: argument_list
          children:
          - text: user.code_comment_block
            type: identifier
          - children: []
            type: argument_list
          type: action
        expression:
          action_name:
            text: user.code_comment_block
            type: identifier
          arguments:
            children: []
            type: argument_list
          children:
          - text: user.code_comment_block
            type: identifier
          - children: []
            type: argument_list
          type: action
        type: expression
      - children:
        - action_name:
            text: insert
            type: identifier
          arguments:
            children:
            - children:
              - text: user.text
                type: identifier
              type: variable
              variable_name:
                text: user.text
                type: identifier
            type: argument_list
          children:
          - text: insert
            type: identifier
          - children:
            - children:
              - text: user.text
                type: identifier
              type: variable
              variable_name:
                text: user.text
                type: identifier
            type: argument_list
          type: action
        expression:
          action_name:
            text: insert
            type: identifier
          arguments:
            children:
            - children:
              - text: user.text
                type: identifier
              type: variable
              variable_name:
                text: user.text
                type: identifier
            type: argument_list
          children:
          - text: insert
            type: identifier
          - children:
            - children:
              - text: user.text
                type: identifier
              type: variable
              variable_name:
                text: user.text
                type: identifier
            type: argument_list
          type: action
        type: expression
      type: block
    rule:
      children:
      - children:
        - text: insert
          type: word
        - children:
          - text: user
            type: word
          - children:
            - children: []
              type: ERROR
            type: ERROR
          type: parenthesized_rule
        - text: block
          type: word
        - text: comment
          type: word
        - capture_name:
            text: user.text
            type: identifier
          children:
          - text: user.text
            type: identifier
          type: capture
        type: seq
      - text: $
        type: end_anchor
      type: rule
    script:
      text: '#todo: this should probably be a single function once'
      type: comment
    type: command
  - children:
    - children:
      - children:
        - children:
          - children:
            - text: line
              type: word
            - text: inline
              type: word
            type: choice
          type: parenthesized_rule
        - text: block
          type: word
        - text: comment
          type: word
        - capture_name:
            text: user.text
            type: identifier
          children:
          - text: user.text
            type: identifier
          type: capture
        - text: over
          type: word
        type: seq
      type: rule
    - text: '#todo: this should probably be a single function once'
      type: comment
    - text: '#.talon supports implementing actions with parameters?'
      type: comment
    - children:
      - children:
        - action_name:
            text: edit.line_end
            type: identifier
          arguments:
            children: []
            type: argument_list
          children:
          - text: edit.line_end
            type: identifier
          - children: []
            type: argument_list
          type: action
        expression:
          action_name:
            text: edit.line_end
            type: identifier
          arguments:
            children: []
            type: argument_list
          children:
          - text: edit.line_end
            type: identifier
          - children: []
            type: argument_list
          type: action
        type: expression
      - children:
        - action_name:
            text: user.code_comment_block_prefix
            type: identifier
          arguments:
            children: []
            type: argument_list
          children:
          - text: user.code_comment_block_prefix
            type: identifier
          - children: []
            type: argument_list
          type: action
        expression:
          action_name:
            text: user.code_comment_block_prefix
            type: identifier
          arguments:
            children: []
            type: argument_list
          children:
          - text: user.code_comment_block_prefix
            type: identifier
          - children: []
            type: argument_list
          type: action
        type: expression
      type: block
    rule:
      children:
      - children:
        - children:
          - children:
            - text: line
              type: word
            - text: inline
              type: word
            type: choice
          type: parenthesized_rule
        - text: block
          type: word
        - text: comment
          type: word
        - capture_name:
            text: user.text
            type: identifier
          children:
          - text: user.text
            type: identifier
          type: capture
        - text: over
          type: word
        type: seq
      type: rule
    script:
      text: '#todo: this should probably be a single function once'
      type: comment
    type: command
  - children:
    - children:
      - children:
        - text: key
          type: word
        - children:
          - text: space
            type: word
          type: parenthesized_rule
        - text: insert
          type: word
        - children:
          - text: user
            type: word
          - children:
            - children: []
              type: ERROR
            type: ERROR
          type: parenthesized_rule
        - text: key
          type: word
        - children:
          - text: space
            type: word
          type: parenthesized_rule
        - text: user
          type: word
        - children:
          - children: []
            type: ERROR
          type: ERROR
        - children:
          - text: ''
            type: word
          type: parenthesized_rule
        - children:
          - children:
            - text: line
              type: word
            - text: inline
              type: word
            type: choice
          type: parenthesized_rule
        - text: block
          type: word
        - text: comment
          type: word
        - capture_name:
            text: user.text
            type: identifier
          children:
          - text: user.text
            type: identifier
          type: capture
        type: seq
      - text: $
        type: end_anchor
      type: rule
    - text: '#todo: this should probably be a single function once'
      type: comment
    - text: '#.talon supports implementing actions with parameters?'
      type: comment
    - children:
      - children:
        - action_name:
            text: edit.line_end
            type: identifier
          arguments:
            children: []
            type: argument_list
          children:
          - text: edit.line_end
            type: identifier
          - children: []
            type: argument_list
          type: action
        expression:
          action_name:
            text: edit.line_end
            type: identifier
          arguments:
            children: []
            type: argument_list
          children:
          - text: edit.line_end
            type: identifier
          - children: []
            type: argument_list
          type: action
        type: expression
      - children:
        - action_name:
            text: user.code_comment_block_prefix
            type: identifier
          arguments:
            children: []
            type: argument_list
          children:
          - text: user.code_comment_block_prefix
            type: identifier
          - children: []
            type: argument_list
          type: action
        expression:
          action_name:
            text: user.code_comment_block_prefix
            type: identifier
          arguments:
            children: []
            type: argument_list
          children:
          - text: user.code_comment_block_prefix
            type: identifier
          - children: []
            type: argument_list
          type: action
        type: expression
      type: block
    rule:
      children:
      - children:
        - text: key
          type: word
        - children:
          - text: space
            type: word
          type: parenthesized_rule
        - text: insert
          type: word
        - children:
          - text: user
            type: word
          - children:
            - children: []
              type: ERROR
            type: ERROR
          type: parenthesized_rule
        - text: key
          type: word
        - children:
          - text: space
            type: word
          type: parenthesized_rule
        - text: user
          type: word
        - children:
          - children: []
            type: ERROR
          type: ERROR
        - children:
          - text: ''
            type: word
          type: parenthesized_rule
        - children:
          - children:
            - text: line
              type: word
            - text: inline
              type: word
            type: choice
          type: parenthesized_rule
        - text: block
          type: word
        - text: comment
          type: word
        - capture_name:
            text: user.text
            type: identifier
          children:
          - text: user.text
            type: identifier
          type: capture
        type: seq
      - text: $
        type: end_anchor
      type: rule
    script:
      text: '#todo: this should probably be a single function once'
      type: comment
    type: command
  - children:
    - children:
      - children:
        - text: key
          type: word
        - children:
          - text: space
            type: word
          type: parenthesized_rule
        - text: insert
          type: word
        - children:
          - text: user
            type: word
          - children:
            - children: []
              type: ERROR
            type: ERROR
          type: parenthesized_rule
        - text: key
          type: word
        - children:
          - text: space
            type: word
          type: parenthesized_rule
        - text: user
          type: word
        - children:
          - children: []
            type: ERROR
          type: ERROR
        - children:
          - text: ''
            type: word
          type: parenthesized_rule
        - text: open
          type: word
        - text: block
          type: word
        - text: comment
          type: word
        type: seq
      type: rule
    - children:
      - children:
        - action_name:
            text: user.code_comment_block_prefix
            type: identifier
          arguments:
            children: []
            type: argument_list
          children:
          - text: user.code_comment_block_prefix
            type: identifier
          - children: []
            type: argument_list
          type: action
        expression:
          action_name:
            text: user.code_comment_block_prefix
            type: identifier
          arguments:
            children: []
            type: argument_list
          children:
          - text: user.code_comment_block_prefix
            type: identifier
          - children: []
            type: argument_list
          type: action
        type: expression
      type: block
    rule:
      children:
      - children:
        - text: key
          type: word
        - children:
          - text: space
            type: word
          type: parenthesized_rule
        - text: insert
          type: word
        - children:
          - text: user
            type: word
          - children:
            - children: []
              type: ERROR
            type: ERROR
          type: parenthesized_rule
        - text: key
          type: word
        - children:
          - text: space
            type: word
          type: parenthesized_rule
        - text: user
          type: word
        - children:
          - children: []
            type: ERROR
          type: ERROR
        - children:
          - text: ''
            type: word
          type: parenthesized_rule
        - text: open
          type: word
        - text: block
          type: word
        - text: comment
          type: word
        type: seq
      type: rule
    script:
      children:
      - children:
        - action_name:
            text: user.code_comment_block_prefix
            type: identifier
          arguments:
            children: []
            type: argument_list
          children:
          - text: user.code_comment_block_prefix
            type: identifier
          - children: []
            type: argument_list
          type: action
        expression:
          action_name:
            text: user.code_comment_block_prefix
            type: identifier
          arguments:
            children: []
            type: argument_list
          children:
          - text: user.code_comment_block_prefix
            type: identifier
          - children: []
            type: argument_list
          type: action
        type: expression
      type: block
    type: command
  - children:
    - children:
      - children:
        - text: close
          type: word
        - text: block
          type: word
        - text: comment
          type: word
        type: seq
      type: rule
    - children:
      - children:
        - action_name:
            text: user.code_comment_block_suffix
            type: identifier
          arguments:
            children: []
            type: argument_list
          children:
          - text: user.code_comment_block_suffix
            type: identifier
          - children: []
            type: argument_list
          type: action
        expression:
          action_name:
            text: user.code_comment_block_suffix
            type: identifier
          arguments:
            children: []
            type: argument_list
          children:
          - text: user.code_comment_block_suffix
            type: identifier
          - children: []
            type: argument_list
          type: action
        type: expression
      type: block
    rule:
      children:
      - children:
        - text: close
          type: word
        - text: block
          type: word
        - text: comment
          type: word
        type: seq
      type: rule
    script:
      children:
      - children:
        - action_name:
            text: user.code_comment_block_suffix
            type: identifier
          arguments:
            children: []
            type: argument_list
          children:
          - text: user.code_comment_block_suffix
            type: identifier
          - children: []
            type: argument_list
          type: action
        expression:
          action_name:
            text: user.code_comment_block_suffix
            type: identifier
          arguments:
            children: []
            type: argument_list
          children:
          - text: user.code_comment_block_suffix
            type: identifier
          - children: []
            type: argument_list
          type: action
        type: expression
      type: block
    type: command
  type: source_file
